
Microsoft Visual Studio Solution File, Format Version 12.00
# Visual Studio 15
VisualStudioVersion = 15.0.28307.102
MinimumVisualStudioVersion = 10.0.40219.1
Project("{FAE04EC0-301F-11D3-BF4B-00C04F79EFBC}") = "Jmir.Android", "Jmir\Jmir.Android\Jmir.Android.csproj", "{2F927694-03D5-4C1F-BA14-B8958BE78952}"
EndProject
Project("{FAE04EC0-301F-11D3-BF4B-00C04F79EFBC}") = "Jmir.iOS", "Jmir\Jmir.iOS\Jmir.iOS.csproj", "{207A1CD9-2A2A-4C99-80A1-1E451EB4F64E}"
EndProject
Project("{FAE04EC0-301F-11D3-BF4B-00C04F79EFBC}") = "Jmir.UWP", "Jmir\Jmir.UWP\Jmir.UWP.csproj", "{5B4BA11B-B658-4DA4-A516-BFF2D90EB9D3}"
EndProject
Project("{9A19103F-16F7-4668-BE54-9A1E7A4F7556}") = "Jmir", "Jmir\Jmir\Jmir.csproj", "{AC82A5B2-B2C0-4E2D-9A1F-1B7C01DBC6EF}"
EndProject
Project("{9A19103F-16F7-4668-BE54-9A1E7A4F7556}") = "Jmir.Shared", "Jmir.Shared\Jmir.Shared.csproj", "{62A98CC8-CEB3-49C7-935D-513DAEA84FBE}"
EndProject
Project("{9A19103F-16F7-4668-BE54-9A1E7A4F7556}") = "Jmir.Console", "Jmir.Console\Jmir.Console.csproj", "{A709775F-BEA6-4910-A973-3CD6E4456D71}"
EndProject
Project("{9A19103F-16F7-4668-BE54-9A1E7A4F7556}") = "Pact.Fhir.Core", "Pact.Fhir.Core\Pact.Fhir.Core.csproj", "{BE01800E-4F9C-46EF-8E25-F7974140E25B}"
EndProject
Project("{9A19103F-16F7-4668-BE54-9A1E7A4F7556}") = "Pact.Fhir.Iota", "Pact.Fhir.Iota\Pact.Fhir.Iota.csproj", "{B8858DFB-FFBF-427E-939B-53B66AAE0D7E}"
EndProject
Project("{FAE04EC0-301F-11D3-BF4B-00C04F79EFBC}") = "Jmir.Fhir.Conversion", "Jmir.Fhir.Conversion\Jmir.Fhir.Conversion.csproj", "{0FFDF4C4-22DA-4974-AF3B-940200D12961}"
EndProject
Global
	GlobalSection(SolutionConfigurationPlatforms) = preSolution
		Ad-Hoc|Any CPU = Ad-Hoc|Any CPU
		Ad-Hoc|ARM = Ad-Hoc|ARM
		Ad-Hoc|iPhone = Ad-Hoc|iPhone
		Ad-Hoc|iPhoneSimulator = Ad-Hoc|iPhoneSimulator
		Ad-Hoc|x64 = Ad-Hoc|x64
		Ad-Hoc|x86 = Ad-Hoc|x86
		AppStore|Any CPU = AppStore|Any CPU
		AppStore|ARM = AppStore|ARM
		AppStore|iPhone = AppStore|iPhone
		AppStore|iPhoneSimulator = AppStore|iPhoneSimulator
		AppStore|x64 = AppStore|x64
		AppStore|x86 = AppStore|x86
		Debug|Any CPU = Debug|Any CPU
		Debug|ARM = Debug|ARM
		Debug|iPhone = Debug|iPhone
		Debug|iPhoneSimulator = Debug|iPhoneSimulator
		Debug|x64 = Debug|x64
		Debug|x86 = Debug|x86
		Release|Any CPU = Release|Any CPU
		Release|ARM = Release|ARM
		Release|iPhone = Release|iPhone
		Release|iPhoneSimulator = Release|iPhoneSimulator
		Release|x64 = Release|x64
		Release|x86 = Release|x86
	EndGlobalSection
	GlobalSection(ProjectConfigurationPlatforms) = postSolution
		{2F927694-03D5-4C1F-BA14-B8958BE78952}.Ad-Hoc|Any CPU.ActiveCfg = Release|Any CPU
		{2F927694-03D5-4C1F-BA14-B8958BE78952}.Ad-Hoc|Any CPU.Build.0 = Release|Any CPU
		{2F927694-03D5-4C1F-BA14-B8958BE78952}.Ad-Hoc|Any CPU.Deploy.0 = Release|Any CPU
		{2F927694-03D5-4C1F-BA14-B8958BE78952}.Ad-Hoc|ARM.ActiveCfg = Release|Any CPU
		{2F927694-03D5-4C1F-BA14-B8958BE78952}.Ad-Hoc|ARM.Build.0 = Release|Any CPU
		{2F927694-03D5-4C1F-BA14-B8958BE78952}.Ad-Hoc|ARM.Deploy.0 = Release|Any CPU
		{2F927694-03D5-4C1F-BA14-B8958BE78952}.Ad-Hoc|iPhone.ActiveCfg = Release|Any CPU
		{2F927694-03D5-4C1F-BA14-B8958BE78952}.Ad-Hoc|iPhone.Build.0 = Release|Any CPU
		{2F927694-03D5-4C1F-BA14-B8958BE78952}.Ad-Hoc|iPhone.Deploy.0 = Release|Any CPU
		{2F927694-03D5-4C1F-BA14-B8958BE78952}.Ad-Hoc|iPhoneSimulator.ActiveCfg = Release|Any CPU
		{2F927694-03D5-4C1F-BA14-B8958BE78952}.Ad-Hoc|iPhoneSimulator.Build.0 = Release|Any CPU
		{2F927694-03D5-4C1F-BA14-B8958BE78952}.Ad-Hoc|iPhoneSimulator.Deploy.0 = Release|Any CPU
		{2F927694-03D5-4C1F-BA14-B8958BE78952}.Ad-Hoc|x64.ActiveCfg = Release|Any CPU
		{2F927694-03D5-4C1F-BA14-B8958BE78952}.Ad-Hoc|x64.Build.0 = Release|Any CPU
		{2F927694-03D5-4C1F-BA14-B8958BE78952}.Ad-Hoc|x64.Deploy.0 = Release|Any CPU
		{2F927694-03D5-4C1F-BA14-B8958BE78952}.Ad-Hoc|x86.ActiveCfg = Release|Any CPU
		{2F927694-03D5-4C1F-BA14-B8958BE78952}.Ad-Hoc|x86.Build.0 = Release|Any CPU
		{2F927694-03D5-4C1F-BA14-B8958BE78952}.Ad-Hoc|x86.Deploy.0 = Release|Any CPU
		{2F927694-03D5-4C1F-BA14-B8958BE78952}.AppStore|Any CPU.ActiveCfg = Release|Any CPU
		{2F927694-03D5-4C1F-BA14-B8958BE78952}.AppStore|Any CPU.Build.0 = Release|Any CPU
		{2F927694-03D5-4C1F-BA14-B8958BE78952}.AppStore|Any CPU.Deploy.0 = Release|Any CPU
		{2F927694-03D5-4C1F-BA14-B8958BE78952}.AppStore|ARM.ActiveCfg = Release|Any CPU
		{2F927694-03D5-4C1F-BA14-B8958BE78952}.AppStore|ARM.Build.0 = Release|Any CPU
		{2F927694-03D5-4C1F-BA14-B8958BE78952}.AppStore|ARM.Deploy.0 = Release|Any CPU
		{2F927694-03D5-4C1F-BA14-B8958BE78952}.AppStore|iPhone.ActiveCfg = Release|Any CPU
		{2F927694-03D5-4C1F-BA14-B8958BE78952}.AppStore|iPhone.Build.0 = Release|Any CPU
		{2F927694-03D5-4C1F-BA14-B8958BE78952}.AppStore|iPhone.Deploy.0 = Release|Any CPU
		{2F927694-03D5-4C1F-BA14-B8958BE78952}.AppStore|iPhoneSimulator.ActiveCfg = Release|Any CPU
		{2F927694-03D5-4C1F-BA14-B8958BE78952}.AppStore|iPhoneSimulator.Build.0 = Release|Any CPU
		{2F927694-03D5-4C1F-BA14-B8958BE78952}.AppStore|iPhoneSimulator.Deploy.0 = Release|Any CPU
		{2F927694-03D5-4C1F-BA14-B8958BE78952}.AppStore|x64.ActiveCfg = Release|Any CPU
		{2F927694-03D5-4C1F-BA14-B8958BE78952}.AppStore|x64.Build.0 = Release|Any CPU
		{2F927694-03D5-4C1F-BA14-B8958BE78952}.AppStore|x64.Deploy.0 = Release|Any CPU
		{2F927694-03D5-4C1F-BA14-B8958BE78952}.AppStore|x86.ActiveCfg = Release|Any CPU
		{2F927694-03D5-4C1F-BA14-B8958BE78952}.AppStore|x86.Build.0 = Release|Any CPU
		{2F927694-03D5-4C1F-BA14-B8958BE78952}.AppStore|x86.Deploy.0 = Release|Any CPU
		{2F927694-03D5-4C1F-BA14-B8958BE78952}.Debug|Any CPU.ActiveCfg = Debug|Any CPU
		{2F927694-03D5-4C1F-BA14-B8958BE78952}.Debug|Any CPU.Build.0 = Debug|Any CPU
		{2F927694-03D5-4C1F-BA14-B8958BE78952}.Debug|Any CPU.Deploy.0 = Debug|Any CPU
		{2F927694-03D5-4C1F-BA14-B8958BE78952}.Debug|ARM.ActiveCfg = Debug|Any CPU
		{2F927694-03D5-4C1F-BA14-B8958BE78952}.Debug|ARM.Build.0 = Debug|Any CPU
		{2F927694-03D5-4C1F-BA14-B8958BE78952}.Debug|ARM.Deploy.0 = Debug|Any CPU
		{2F927694-03D5-4C1F-BA14-B8958BE78952}.Debug|iPhone.ActiveCfg = Debug|Any CPU
		{2F927694-03D5-4C1F-BA14-B8958BE78952}.Debug|iPhone.Build.0 = Debug|Any CPU
		{2F927694-03D5-4C1F-BA14-B8958BE78952}.Debug|iPhone.Deploy.0 = Debug|Any CPU
		{2F927694-03D5-4C1F-BA14-B8958BE78952}.Debug|iPhoneSimulator.ActiveCfg = Debug|Any CPU
		{2F927694-03D5-4C1F-BA14-B8958BE78952}.Debug|iPhoneSimulator.Build.0 = Debug|Any CPU
		{2F927694-03D5-4C1F-BA14-B8958BE78952}.Debug|iPhoneSimulator.Deploy.0 = Debug|Any CPU
		{2F927694-03D5-4C1F-BA14-B8958BE78952}.Debug|x64.ActiveCfg = Debug|Any CPU
		{2F927694-03D5-4C1F-BA14-B8958BE78952}.Debug|x64.Build.0 = Debug|Any CPU
		{2F927694-03D5-4C1F-BA14-B8958BE78952}.Debug|x64.Deploy.0 = Debug|Any CPU
		{2F927694-03D5-4C1F-BA14-B8958BE78952}.Debug|x86.ActiveCfg = Debug|Any CPU
		{2F927694-03D5-4C1F-BA14-B8958BE78952}.Debug|x86.Build.0 = Debug|Any CPU
		{2F927694-03D5-4C1F-BA14-B8958BE78952}.Debug|x86.Deploy.0 = Debug|Any CPU
		{2F927694-03D5-4C1F-BA14-B8958BE78952}.Release|Any CPU.ActiveCfg = Release|Any CPU
		{2F927694-03D5-4C1F-BA14-B8958BE78952}.Release|Any CPU.Build.0 = Release|Any CPU
		{2F927694-03D5-4C1F-BA14-B8958BE78952}.Release|Any CPU.Deploy.0 = Release|Any CPU
		{2F927694-03D5-4C1F-BA14-B8958BE78952}.Release|ARM.ActiveCfg = Release|Any CPU
		{2F927694-03D5-4C1F-BA14-B8958BE78952}.Release|ARM.Build.0 = Release|Any CPU
		{2F927694-03D5-4C1F-BA14-B8958BE78952}.Release|ARM.Deploy.0 = Release|Any CPU
		{2F927694-03D5-4C1F-BA14-B8958BE78952}.Release|iPhone.ActiveCfg = Release|Any CPU
		{2F927694-03D5-4C1F-BA14-B8958BE78952}.Release|iPhone.Build.0 = Release|Any CPU
		{2F927694-03D5-4C1F-BA14-B8958BE78952}.Release|iPhone.Deploy.0 = Release|Any CPU
		{2F927694-03D5-4C1F-BA14-B8958BE78952}.Release|iPhoneSimulator.ActiveCfg = Release|Any CPU
		{2F927694-03D5-4C1F-BA14-B8958BE78952}.Release|iPhoneSimulator.Build.0 = Release|Any CPU
		{2F927694-03D5-4C1F-BA14-B8958BE78952}.Release|iPhoneSimulator.Deploy.0 = Release|Any CPU
		{2F927694-03D5-4C1F-BA14-B8958BE78952}.Release|x64.ActiveCfg = Release|Any CPU
		{2F927694-03D5-4C1F-BA14-B8958BE78952}.Release|x64.Build.0 = Release|Any CPU
		{2F927694-03D5-4C1F-BA14-B8958BE78952}.Release|x64.Deploy.0 = Release|Any CPU
		{2F927694-03D5-4C1F-BA14-B8958BE78952}.Release|x86.ActiveCfg = Release|Any CPU
		{2F927694-03D5-4C1F-BA14-B8958BE78952}.Release|x86.Build.0 = Release|Any CPU
		{2F927694-03D5-4C1F-BA14-B8958BE78952}.Release|x86.Deploy.0 = Release|Any CPU
		{207A1CD9-2A2A-4C99-80A1-1E451EB4F64E}.Ad-Hoc|Any CPU.ActiveCfg = Ad-Hoc|iPhone
		{207A1CD9-2A2A-4C99-80A1-1E451EB4F64E}.Ad-Hoc|Any CPU.Build.0 = Ad-Hoc|iPhone
		{207A1CD9-2A2A-4C99-80A1-1E451EB4F64E}.Ad-Hoc|Any CPU.Deploy.0 = Ad-Hoc|iPhone
		{207A1CD9-2A2A-4C99-80A1-1E451EB4F64E}.Ad-Hoc|ARM.ActiveCfg = Ad-Hoc|iPhone
		{207A1CD9-2A2A-4C99-80A1-1E451EB4F64E}.Ad-Hoc|ARM.Build.0 = Ad-Hoc|iPhone
		{207A1CD9-2A2A-4C99-80A1-1E451EB4F64E}.Ad-Hoc|ARM.Deploy.0 = Ad-Hoc|iPhone
		{207A1CD9-2A2A-4C99-80A1-1E451EB4F64E}.Ad-Hoc|iPhone.ActiveCfg = Ad-Hoc|iPhone
		{207A1CD9-2A2A-4C99-80A1-1E451EB4F64E}.Ad-Hoc|iPhone.Build.0 = Ad-Hoc|iPhone
		{207A1CD9-2A2A-4C99-80A1-1E451EB4F64E}.Ad-Hoc|iPhone.Deploy.0 = Ad-Hoc|iPhone
		{207A1CD9-2A2A-4C99-80A1-1E451EB4F64E}.Ad-Hoc|iPhoneSimulator.ActiveCfg = Ad-Hoc|iPhoneSimulator
		{207A1CD9-2A2A-4C99-80A1-1E451EB4F64E}.Ad-Hoc|iPhoneSimulator.Build.0 = Ad-Hoc|iPhoneSimulator
		{207A1CD9-2A2A-4C99-80A1-1E451EB4F64E}.Ad-Hoc|iPhoneSimulator.Deploy.0 = Ad-Hoc|iPhoneSimulator
		{207A1CD9-2A2A-4C99-80A1-1E451EB4F64E}.Ad-Hoc|x64.ActiveCfg = Ad-Hoc|iPhone
		{207A1CD9-2A2A-4C99-80A1-1E451EB4F64E}.Ad-Hoc|x64.Build.0 = Ad-Hoc|iPhone
		{207A1CD9-2A2A-4C99-80A1-1E451EB4F64E}.Ad-Hoc|x64.Deploy.0 = Ad-Hoc|iPhone
		{207A1CD9-2A2A-4C99-80A1-1E451EB4F64E}.Ad-Hoc|x86.ActiveCfg = Ad-Hoc|iPhone
		{207A1CD9-2A2A-4C99-80A1-1E451EB4F64E}.Ad-Hoc|x86.Build.0 = Ad-Hoc|iPhone
		{207A1CD9-2A2A-4C99-80A1-1E451EB4F64E}.Ad-Hoc|x86.Deploy.0 = Ad-Hoc|iPhone
		{207A1CD9-2A2A-4C99-80A1-1E451EB4F64E}.AppStore|Any CPU.ActiveCfg = AppStore|iPhone
		{207A1CD9-2A2A-4C99-80A1-1E451EB4F64E}.AppStore|Any CPU.Build.0 = AppStore|iPhone
		{207A1CD9-2A2A-4C99-80A1-1E451EB4F64E}.AppStore|Any CPU.Deploy.0 = AppStore|iPhone
		{207A1CD9-2A2A-4C99-80A1-1E451EB4F64E}.AppStore|ARM.ActiveCfg = AppStore|iPhone
		{207A1CD9-2A2A-4C99-80A1-1E451EB4F64E}.AppStore|ARM.Build.0 = AppStore|iPhone
		{207A1CD9-2A2A-4C99-80A1-1E451EB4F64E}.AppStore|ARM.Deploy.0 = AppStore|iPhone
		{207A1CD9-2A2A-4C99-80A1-1E451EB4F64E}.AppStore|iPhone.ActiveCfg = AppStore|iPhone
		{207A1CD9-2A2A-4C99-80A1-1E451EB4F64E}.AppStore|iPhone.Build.0 = AppStore|iPhone
		{207A1CD9-2A2A-4C99-80A1-1E451EB4F64E}.AppStore|iPhone.Deploy.0 = AppStore|iPhone
		{207A1CD9-2A2A-4C99-80A1-1E451EB4F64E}.AppStore|iPhoneSimulator.ActiveCfg = AppStore|iPhoneSimulator
		{207A1CD9-2A2A-4C99-80A1-1E451EB4F64E}.AppStore|iPhoneSimulator.Build.0 = AppStore|iPhoneSimulator
		{207A1CD9-2A2A-4C99-80A1-1E451EB4F64E}.AppStore|iPhoneSimulator.Deploy.0 = AppStore|iPhoneSimulator
		{207A1CD9-2A2A-4C99-80A1-1E451EB4F64E}.AppStore|x64.ActiveCfg = AppStore|iPhone
		{207A1CD9-2A2A-4C99-80A1-1E451EB4F64E}.AppStore|x64.Build.0 = AppStore|iPhone
		{207A1CD9-2A2A-4C99-80A1-1E451EB4F64E}.AppStore|x64.Deploy.0 = AppStore|iPhone
		{207A1CD9-2A2A-4C99-80A1-1E451EB4F64E}.AppStore|x86.ActiveCfg = AppStore|iPhone
		{207A1CD9-2A2A-4C99-80A1-1E451EB4F64E}.AppStore|x86.Build.0 = AppStore|iPhone
		{207A1CD9-2A2A-4C99-80A1-1E451EB4F64E}.AppStore|x86.Deploy.0 = AppStore|iPhone
		{207A1CD9-2A2A-4C99-80A1-1E451EB4F64E}.Debug|Any CPU.ActiveCfg = Debug|iPhoneSimulator
		{207A1CD9-2A2A-4C99-80A1-1E451EB4F64E}.Debug|Any CPU.Build.0 = Debug|iPhoneSimulator
		{207A1CD9-2A2A-4C99-80A1-1E451EB4F64E}.Debug|Any CPU.Deploy.0 = Debug|iPhoneSimulator
		{207A1CD9-2A2A-4C99-80A1-1E451EB4F64E}.Debug|ARM.ActiveCfg = Debug|iPhone
		{207A1CD9-2A2A-4C99-80A1-1E451EB4F64E}.Debug|ARM.Build.0 = Debug|iPhone
		{207A1CD9-2A2A-4C99-80A1-1E451EB4F64E}.Debug|ARM.Deploy.0 = Debug|iPhone
		{207A1CD9-2A2A-4C99-80A1-1E451EB4F64E}.Debug|iPhone.ActiveCfg = Debug|iPhone
		{207A1CD9-2A2A-4C99-80A1-1E451EB4F64E}.Debug|iPhone.Build.0 = Debug|iPhone
		{207A1CD9-2A2A-4C99-80A1-1E451EB4F64E}.Debug|iPhone.Deploy.0 = Debug|iPhone
		{207A1CD9-2A2A-4C99-80A1-1E451EB4F64E}.Debug|iPhoneSimulator.ActiveCfg = Debug|iPhoneSimulator
		{207A1CD9-2A2A-4C99-80A1-1E451EB4F64E}.Debug|iPhoneSimulator.Build.0 = Debug|iPhoneSimulator
		{207A1CD9-2A2A-4C99-80A1-1E451EB4F64E}.Debug|iPhoneSimulator.Deploy.0 = Debug|iPhoneSimulator
		{207A1CD9-2A2A-4C99-80A1-1E451EB4F64E}.Debug|x64.ActiveCfg = Debug|iPhone
		{207A1CD9-2A2A-4C99-80A1-1E451EB4F64E}.Debug|x64.Build.0 = Debug|iPhone
		{207A1CD9-2A2A-4C99-80A1-1E451EB4F64E}.Debug|x64.Deploy.0 = Debug|iPhone
		{207A1CD9-2A2A-4C99-80A1-1E451EB4F64E}.Debug|x86.ActiveCfg = Debug|iPhone
		{207A1CD9-2A2A-4C99-80A1-1E451EB4F64E}.Debug|x86.Build.0 = Debug|iPhone
		{207A1CD9-2A2A-4C99-80A1-1E451EB4F64E}.Debug|x86.Deploy.0 = Debug|iPhone
		{207A1CD9-2A2A-4C99-80A1-1E451EB4F64E}.Release|Any CPU.ActiveCfg = Release|iPhone
		{207A1CD9-2A2A-4C99-80A1-1E451EB4F64E}.Release|Any CPU.Build.0 = Release|iPhone
		{207A1CD9-2A2A-4C99-80A1-1E451EB4F64E}.Release|Any CPU.Deploy.0 = Release|iPhone
		{207A1CD9-2A2A-4C99-80A1-1E451EB4F64E}.Release|ARM.ActiveCfg = Release|iPhone
		{207A1CD9-2A2A-4C99-80A1-1E451EB4F64E}.Release|ARM.Build.0 = Release|iPhone
		{207A1CD9-2A2A-4C99-80A1-1E451EB4F64E}.Release|ARM.Deploy.0 = Release|iPhone
		{207A1CD9-2A2A-4C99-80A1-1E451EB4F64E}.Release|iPhone.ActiveCfg = Release|iPhone
		{207A1CD9-2A2A-4C99-80A1-1E451EB4F64E}.Release|iPhone.Build.0 = Release|iPhone
		{207A1CD9-2A2A-4C99-80A1-1E451EB4F64E}.Release|iPhone.Deploy.0 = Release|iPhone
		{207A1CD9-2A2A-4C99-80A1-1E451EB4F64E}.Release|iPhoneSimulator.ActiveCfg = Release|iPhoneSimulator
		{207A1CD9-2A2A-4C99-80A1-1E451EB4F64E}.Release|iPhoneSimulator.Build.0 = Release|iPhoneSimulator
		{207A1CD9-2A2A-4C99-80A1-1E451EB4F64E}.Release|iPhoneSimulator.Deploy.0 = Release|iPhoneSimulator
		{207A1CD9-2A2A-4C99-80A1-1E451EB4F64E}.Release|x64.ActiveCfg = Release|iPhone
		{207A1CD9-2A2A-4C99-80A1-1E451EB4F64E}.Release|x64.Build.0 = Release|iPhone
		{207A1CD9-2A2A-4C99-80A1-1E451EB4F64E}.Release|x64.Deploy.0 = Release|iPhone
		{207A1CD9-2A2A-4C99-80A1-1E451EB4F64E}.Release|x86.ActiveCfg = Release|iPhone
		{207A1CD9-2A2A-4C99-80A1-1E451EB4F64E}.Release|x86.Build.0 = Release|iPhone
		{207A1CD9-2A2A-4C99-80A1-1E451EB4F64E}.Release|x86.Deploy.0 = Release|iPhone
		{5B4BA11B-B658-4DA4-A516-BFF2D90EB9D3}.Ad-Hoc|Any CPU.ActiveCfg = Release|x86
		{5B4BA11B-B658-4DA4-A516-BFF2D90EB9D3}.Ad-Hoc|Any CPU.Build.0 = Release|x86
		{5B4BA11B-B658-4DA4-A516-BFF2D90EB9D3}.Ad-Hoc|Any CPU.Deploy.0 = Release|x86
		{5B4BA11B-B658-4DA4-A516-BFF2D90EB9D3}.Ad-Hoc|ARM.ActiveCfg = Release|ARM
		{5B4BA11B-B658-4DA4-A516-BFF2D90EB9D3}.Ad-Hoc|ARM.Build.0 = Release|ARM
		{5B4BA11B-B658-4DA4-A516-BFF2D90EB9D3}.Ad-Hoc|ARM.Deploy.0 = Release|ARM
		{5B4BA11B-B658-4DA4-A516-BFF2D90EB9D3}.Ad-Hoc|iPhone.ActiveCfg = Release|x86
		{5B4BA11B-B658-4DA4-A516-BFF2D90EB9D3}.Ad-Hoc|iPhone.Build.0 = Release|x86
		{5B4BA11B-B658-4DA4-A516-BFF2D90EB9D3}.Ad-Hoc|iPhone.Deploy.0 = Release|x86
		{5B4BA11B-B658-4DA4-A516-BFF2D90EB9D3}.Ad-Hoc|iPhoneSimulator.ActiveCfg = Release|x86
		{5B4BA11B-B658-4DA4-A516-BFF2D90EB9D3}.Ad-Hoc|iPhoneSimulator.Build.0 = Release|x86
		{5B4BA11B-B658-4DA4-A516-BFF2D90EB9D3}.Ad-Hoc|iPhoneSimulator.Deploy.0 = Release|x86
		{5B4BA11B-B658-4DA4-A516-BFF2D90EB9D3}.Ad-Hoc|x64.ActiveCfg = Release|x64
		{5B4BA11B-B658-4DA4-A516-BFF2D90EB9D3}.Ad-Hoc|x64.Build.0 = Release|x64
		{5B4BA11B-B658-4DA4-A516-BFF2D90EB9D3}.Ad-Hoc|x64.Deploy.0 = Release|x64
		{5B4BA11B-B658-4DA4-A516-BFF2D90EB9D3}.Ad-Hoc|x86.ActiveCfg = Release|x86
		{5B4BA11B-B658-4DA4-A516-BFF2D90EB9D3}.Ad-Hoc|x86.Build.0 = Release|x86
		{5B4BA11B-B658-4DA4-A516-BFF2D90EB9D3}.Ad-Hoc|x86.Deploy.0 = Release|x86
		{5B4BA11B-B658-4DA4-A516-BFF2D90EB9D3}.AppStore|Any CPU.ActiveCfg = Release|x86
		{5B4BA11B-B658-4DA4-A516-BFF2D90EB9D3}.AppStore|Any CPU.Build.0 = Release|x86
		{5B4BA11B-B658-4DA4-A516-BFF2D90EB9D3}.AppStore|Any CPU.Deploy.0 = Release|x86
		{5B4BA11B-B658-4DA4-A516-BFF2D90EB9D3}.AppStore|ARM.ActiveCfg = Release|ARM
		{5B4BA11B-B658-4DA4-A516-BFF2D90EB9D3}.AppStore|ARM.Build.0 = Release|ARM
		{5B4BA11B-B658-4DA4-A516-BFF2D90EB9D3}.AppStore|ARM.Deploy.0 = Release|ARM
		{5B4BA11B-B658-4DA4-A516-BFF2D90EB9D3}.AppStore|iPhone.ActiveCfg = Release|x86
		{5B4BA11B-B658-4DA4-A516-BFF2D90EB9D3}.AppStore|iPhone.Build.0 = Release|x86
		{5B4BA11B-B658-4DA4-A516-BFF2D90EB9D3}.AppStore|iPhone.Deploy.0 = Release|x86
		{5B4BA11B-B658-4DA4-A516-BFF2D90EB9D3}.AppStore|iPhoneSimulator.ActiveCfg = Release|x86
		{5B4BA11B-B658-4DA4-A516-BFF2D90EB9D3}.AppStore|iPhoneSimulator.Build.0 = Release|x86
		{5B4BA11B-B658-4DA4-A516-BFF2D90EB9D3}.AppStore|iPhoneSimulator.Deploy.0 = Release|x86
		{5B4BA11B-B658-4DA4-A516-BFF2D90EB9D3}.AppStore|x64.ActiveCfg = Release|x64
		{5B4BA11B-B658-4DA4-A516-BFF2D90EB9D3}.AppStore|x64.Build.0 = Release|x64
		{5B4BA11B-B658-4DA4-A516-BFF2D90EB9D3}.AppStore|x64.Deploy.0 = Release|x64
		{5B4BA11B-B658-4DA4-A516-BFF2D90EB9D3}.AppStore|x86.ActiveCfg = Release|x86
		{5B4BA11B-B658-4DA4-A516-BFF2D90EB9D3}.AppStore|x86.Build.0 = Release|x86
		{5B4BA11B-B658-4DA4-A516-BFF2D90EB9D3}.AppStore|x86.Deploy.0 = Release|x86
		{5B4BA11B-B658-4DA4-A516-BFF2D90EB9D3}.Debug|Any CPU.ActiveCfg = Debug|x86
		{5B4BA11B-B658-4DA4-A516-BFF2D90EB9D3}.Debug|Any CPU.Build.0 = Debug|x86
		{5B4BA11B-B658-4DA4-A516-BFF2D90EB9D3}.Debug|Any CPU.Deploy.0 = Debug|x86
		{5B4BA11B-B658-4DA4-A516-BFF2D90EB9D3}.Debug|ARM.ActiveCfg = Debug|ARM
		{5B4BA11B-B658-4DA4-A516-BFF2D90EB9D3}.Debug|ARM.Build.0 = Debug|ARM
		{5B4BA11B-B658-4DA4-A516-BFF2D90EB9D3}.Debug|ARM.Deploy.0 = Debug|ARM
		{5B4BA11B-B658-4DA4-A516-BFF2D90EB9D3}.Debug|iPhone.ActiveCfg = Debug|x86
		{5B4BA11B-B658-4DA4-A516-BFF2D90EB9D3}.Debug|iPhone.Build.0 = Debug|x86
		{5B4BA11B-B658-4DA4-A516-BFF2D90EB9D3}.Debug|iPhone.Deploy.0 = Debug|x86
		{5B4BA11B-B658-4DA4-A516-BFF2D90EB9D3}.Debug|iPhoneSimulator.ActiveCfg = Debug|x86
		{5B4BA11B-B658-4DA4-A516-BFF2D90EB9D3}.Debug|iPhoneSimulator.Build.0 = Debug|x86
		{5B4BA11B-B658-4DA4-A516-BFF2D90EB9D3}.Debug|iPhoneSimulator.Deploy.0 = Debug|x86
		{5B4BA11B-B658-4DA4-A516-BFF2D90EB9D3}.Debug|x64.ActiveCfg = Debug|x64
		{5B4BA11B-B658-4DA4-A516-BFF2D90EB9D3}.Debug|x64.Build.0 = Debug|x64
		{5B4BA11B-B658-4DA4-A516-BFF2D90EB9D3}.Debug|x64.Deploy.0 = Debug|x64
		{5B4BA11B-B658-4DA4-A516-BFF2D90EB9D3}.Debug|x86.ActiveCfg = Debug|x86
		{5B4BA11B-B658-4DA4-A516-BFF2D90EB9D3}.Debug|x86.Build.0 = Debug|x86
		{5B4BA11B-B658-4DA4-A516-BFF2D90EB9D3}.Debug|x86.Deploy.0 = Debug|x86
		{5B4BA11B-B658-4DA4-A516-BFF2D90EB9D3}.Release|Any CPU.ActiveCfg = Release|x86
		{5B4BA11B-B658-4DA4-A516-BFF2D90EB9D3}.Release|Any CPU.Build.0 = Release|x86
		{5B4BA11B-B658-4DA4-A516-BFF2D90EB9D3}.Release|Any CPU.Deploy.0 = Release|x86
		{5B4BA11B-B658-4DA4-A516-BFF2D90EB9D3}.Release|ARM.ActiveCfg = Release|ARM
		{5B4BA11B-B658-4DA4-A516-BFF2D90EB9D3}.Release|ARM.Build.0 = Release|ARM
		{5B4BA11B-B658-4DA4-A516-BFF2D90EB9D3}.Release|ARM.Deploy.0 = Release|ARM
		{5B4BA11B-B658-4DA4-A516-BFF2D90EB9D3}.Release|iPhone.ActiveCfg = Release|x86
		{5B4BA11B-B658-4DA4-A516-BFF2D90EB9D3}.Release|iPhone.Build.0 = Release|x86
		{5B4BA11B-B658-4DA4-A516-BFF2D90EB9D3}.Release|iPhone.Deploy.0 = Release|x86
		{5B4BA11B-B658-4DA4-A516-BFF2D90EB9D3}.Release|iPhoneSimulator.ActiveCfg = Release|x86
		{5B4BA11B-B658-4DA4-A516-BFF2D90EB9D3}.Release|iPhoneSimulator.Build.0 = Release|x86
		{5B4BA11B-B658-4DA4-A516-BFF2D90EB9D3}.Release|iPhoneSimulator.Deploy.0 = Release|x86
		{5B4BA11B-B658-4DA4-A516-BFF2D90EB9D3}.Release|x64.ActiveCfg = Release|x64
		{5B4BA11B-B658-4DA4-A516-BFF2D90EB9D3}.Release|x64.Build.0 = Release|x64
		{5B4BA11B-B658-4DA4-A516-BFF2D90EB9D3}.Release|x64.Deploy.0 = Release|x64
		{5B4BA11B-B658-4DA4-A516-BFF2D90EB9D3}.Release|x86.ActiveCfg = Release|x86
		{5B4BA11B-B658-4DA4-A516-BFF2D90EB9D3}.Release|x86.Build.0 = Release|x86
		{5B4BA11B-B658-4DA4-A516-BFF2D90EB9D3}.Release|x86.Deploy.0 = Release|x86
		{AC82A5B2-B2C0-4E2D-9A1F-1B7C01DBC6EF}.Ad-Hoc|Any CPU.ActiveCfg = Debug|Any CPU
		{AC82A5B2-B2C0-4E2D-9A1F-1B7C01DBC6EF}.Ad-Hoc|Any CPU.Build.0 = Debug|Any CPU
		{AC82A5B2-B2C0-4E2D-9A1F-1B7C01DBC6EF}.Ad-Hoc|Any CPU.Deploy.0 = Debug|Any CPU
		{AC82A5B2-B2C0-4E2D-9A1F-1B7C01DBC6EF}.Ad-Hoc|ARM.ActiveCfg = Debug|Any CPU
		{AC82A5B2-B2C0-4E2D-9A1F-1B7C01DBC6EF}.Ad-Hoc|ARM.Build.0 = Debug|Any CPU
		{AC82A5B2-B2C0-4E2D-9A1F-1B7C01DBC6EF}.Ad-Hoc|ARM.Deploy.0 = Debug|Any CPU
		{AC82A5B2-B2C0-4E2D-9A1F-1B7C01DBC6EF}.Ad-Hoc|iPhone.ActiveCfg = Debug|Any CPU
		{AC82A5B2-B2C0-4E2D-9A1F-1B7C01DBC6EF}.Ad-Hoc|iPhone.Build.0 = Debug|Any CPU
		{AC82A5B2-B2C0-4E2D-9A1F-1B7C01DBC6EF}.Ad-Hoc|iPhone.Deploy.0 = Debug|Any CPU
		{AC82A5B2-B2C0-4E2D-9A1F-1B7C01DBC6EF}.Ad-Hoc|iPhoneSimulator.ActiveCfg = Debug|Any CPU
		{AC82A5B2-B2C0-4E2D-9A1F-1B7C01DBC6EF}.Ad-Hoc|iPhoneSimulator.Build.0 = Debug|Any CPU
		{AC82A5B2-B2C0-4E2D-9A1F-1B7C01DBC6EF}.Ad-Hoc|iPhoneSimulator.Deploy.0 = Debug|Any CPU
		{AC82A5B2-B2C0-4E2D-9A1F-1B7C01DBC6EF}.Ad-Hoc|x64.ActiveCfg = Debug|Any CPU
		{AC82A5B2-B2C0-4E2D-9A1F-1B7C01DBC6EF}.Ad-Hoc|x64.Build.0 = Debug|Any CPU
		{AC82A5B2-B2C0-4E2D-9A1F-1B7C01DBC6EF}.Ad-Hoc|x64.Deploy.0 = Debug|Any CPU
		{AC82A5B2-B2C0-4E2D-9A1F-1B7C01DBC6EF}.Ad-Hoc|x86.ActiveCfg = Debug|Any CPU
		{AC82A5B2-B2C0-4E2D-9A1F-1B7C01DBC6EF}.Ad-Hoc|x86.Build.0 = Debug|Any CPU
		{AC82A5B2-B2C0-4E2D-9A1F-1B7C01DBC6EF}.Ad-Hoc|x86.Deploy.0 = Debug|Any CPU
		{AC82A5B2-B2C0-4E2D-9A1F-1B7C01DBC6EF}.AppStore|Any CPU.ActiveCfg = Debug|Any CPU
		{AC82A5B2-B2C0-4E2D-9A1F-1B7C01DBC6EF}.AppStore|Any CPU.Build.0 = Debug|Any CPU
		{AC82A5B2-B2C0-4E2D-9A1F-1B7C01DBC6EF}.AppStore|Any CPU.Deploy.0 = Debug|Any CPU
		{AC82A5B2-B2C0-4E2D-9A1F-1B7C01DBC6EF}.AppStore|ARM.ActiveCfg = Debug|Any CPU
		{AC82A5B2-B2C0-4E2D-9A1F-1B7C01DBC6EF}.AppStore|ARM.Build.0 = Debug|Any CPU
		{AC82A5B2-B2C0-4E2D-9A1F-1B7C01DBC6EF}.AppStore|ARM.Deploy.0 = Debug|Any CPU
		{AC82A5B2-B2C0-4E2D-9A1F-1B7C01DBC6EF}.AppStore|iPhone.ActiveCfg = Debug|Any CPU
		{AC82A5B2-B2C0-4E2D-9A1F-1B7C01DBC6EF}.AppStore|iPhone.Build.0 = Debug|Any CPU
		{AC82A5B2-B2C0-4E2D-9A1F-1B7C01DBC6EF}.AppStore|iPhone.Deploy.0 = Debug|Any CPU
		{AC82A5B2-B2C0-4E2D-9A1F-1B7C01DBC6EF}.AppStore|iPhoneSimulator.ActiveCfg = Debug|Any CPU
		{AC82A5B2-B2C0-4E2D-9A1F-1B7C01DBC6EF}.AppStore|iPhoneSimulator.Build.0 = Debug|Any CPU
		{AC82A5B2-B2C0-4E2D-9A1F-1B7C01DBC6EF}.AppStore|iPhoneSimulator.Deploy.0 = Debug|Any CPU
		{AC82A5B2-B2C0-4E2D-9A1F-1B7C01DBC6EF}.AppStore|x64.ActiveCfg = Debug|Any CPU
		{AC82A5B2-B2C0-4E2D-9A1F-1B7C01DBC6EF}.AppStore|x64.Build.0 = Debug|Any CPU
		{AC82A5B2-B2C0-4E2D-9A1F-1B7C01DBC6EF}.AppStore|x64.Deploy.0 = Debug|Any CPU
		{AC82A5B2-B2C0-4E2D-9A1F-1B7C01DBC6EF}.AppStore|x86.ActiveCfg = Debug|Any CPU
		{AC82A5B2-B2C0-4E2D-9A1F-1B7C01DBC6EF}.AppStore|x86.Build.0 = Debug|Any CPU
		{AC82A5B2-B2C0-4E2D-9A1F-1B7C01DBC6EF}.AppStore|x86.Deploy.0 = Debug|Any CPU
		{AC82A5B2-B2C0-4E2D-9A1F-1B7C01DBC6EF}.Debug|Any CPU.ActiveCfg = Debug|Any CPU
		{AC82A5B2-B2C0-4E2D-9A1F-1B7C01DBC6EF}.Debug|Any CPU.Build.0 = Debug|Any CPU
		{AC82A5B2-B2C0-4E2D-9A1F-1B7C01DBC6EF}.Debug|Any CPU.Deploy.0 = Debug|Any CPU
		{AC82A5B2-B2C0-4E2D-9A1F-1B7C01DBC6EF}.Debug|ARM.ActiveCfg = Debug|Any CPU
		{AC82A5B2-B2C0-4E2D-9A1F-1B7C01DBC6EF}.Debug|ARM.Build.0 = Debug|Any CPU
		{AC82A5B2-B2C0-4E2D-9A1F-1B7C01DBC6EF}.Debug|ARM.Deploy.0 = Debug|Any CPU
		{AC82A5B2-B2C0-4E2D-9A1F-1B7C01DBC6EF}.Debug|iPhone.ActiveCfg = Debug|Any CPU
		{AC82A5B2-B2C0-4E2D-9A1F-1B7C01DBC6EF}.Debug|iPhone.Build.0 = Debug|Any CPU
		{AC82A5B2-B2C0-4E2D-9A1F-1B7C01DBC6EF}.Debug|iPhone.Deploy.0 = Debug|Any CPU
		{AC82A5B2-B2C0-4E2D-9A1F-1B7C01DBC6EF}.Debug|iPhoneSimulator.ActiveCfg = Debug|Any CPU
		{AC82A5B2-B2C0-4E2D-9A1F-1B7C01DBC6EF}.Debug|iPhoneSimulator.Build.0 = Debug|Any CPU
		{AC82A5B2-B2C0-4E2D-9A1F-1B7C01DBC6EF}.Debug|iPhoneSimulator.Deploy.0 = Debug|Any CPU
		{AC82A5B2-B2C0-4E2D-9A1F-1B7C01DBC6EF}.Debug|x64.ActiveCfg = Debug|Any CPU
		{AC82A5B2-B2C0-4E2D-9A1F-1B7C01DBC6EF}.Debug|x64.Build.0 = Debug|Any CPU
		{AC82A5B2-B2C0-4E2D-9A1F-1B7C01DBC6EF}.Debug|x64.Deploy.0 = Debug|Any CPU
		{AC82A5B2-B2C0-4E2D-9A1F-1B7C01DBC6EF}.Debug|x86.ActiveCfg = Debug|Any CPU
		{AC82A5B2-B2C0-4E2D-9A1F-1B7C01DBC6EF}.Debug|x86.Build.0 = Debug|Any CPU
		{AC82A5B2-B2C0-4E2D-9A1F-1B7C01DBC6EF}.Debug|x86.Deploy.0 = Debug|Any CPU
		{AC82A5B2-B2C0-4E2D-9A1F-1B7C01DBC6EF}.Release|Any CPU.ActiveCfg = Release|Any CPU
		{AC82A5B2-B2C0-4E2D-9A1F-1B7C01DBC6EF}.Release|Any CPU.Build.0 = Release|Any CPU
		{AC82A5B2-B2C0-4E2D-9A1F-1B7C01DBC6EF}.Release|Any CPU.Deploy.0 = Release|Any CPU
		{AC82A5B2-B2C0-4E2D-9A1F-1B7C01DBC6EF}.Release|ARM.ActiveCfg = Release|Any CPU
		{AC82A5B2-B2C0-4E2D-9A1F-1B7C01DBC6EF}.Release|ARM.Build.0 = Release|Any CPU
		{AC82A5B2-B2C0-4E2D-9A1F-1B7C01DBC6EF}.Release|ARM.Deploy.0 = Release|Any CPU
		{AC82A5B2-B2C0-4E2D-9A1F-1B7C01DBC6EF}.Release|iPhone.ActiveCfg = Release|Any CPU
		{AC82A5B2-B2C0-4E2D-9A1F-1B7C01DBC6EF}.Release|iPhone.Build.0 = Release|Any CPU
		{AC82A5B2-B2C0-4E2D-9A1F-1B7C01DBC6EF}.Release|iPhone.Deploy.0 = Release|Any CPU
		{AC82A5B2-B2C0-4E2D-9A1F-1B7C01DBC6EF}.Release|iPhoneSimulator.ActiveCfg = Release|Any CPU
		{AC82A5B2-B2C0-4E2D-9A1F-1B7C01DBC6EF}.Release|iPhoneSimulator.Build.0 = Release|Any CPU
		{AC82A5B2-B2C0-4E2D-9A1F-1B7C01DBC6EF}.Release|iPhoneSimulator.Deploy.0 = Release|Any CPU
		{AC82A5B2-B2C0-4E2D-9A1F-1B7C01DBC6EF}.Release|x64.ActiveCfg = Release|Any CPU
		{AC82A5B2-B2C0-4E2D-9A1F-1B7C01DBC6EF}.Release|x64.Build.0 = Release|Any CPU
		{AC82A5B2-B2C0-4E2D-9A1F-1B7C01DBC6EF}.Release|x64.Deploy.0 = Release|Any CPU
		{AC82A5B2-B2C0-4E2D-9A1F-1B7C01DBC6EF}.Release|x86.ActiveCfg = Release|Any CPU
		{AC82A5B2-B2C0-4E2D-9A1F-1B7C01DBC6EF}.Release|x86.Build.0 = Release|Any CPU
		{AC82A5B2-B2C0-4E2D-9A1F-1B7C01DBC6EF}.Release|x86.Deploy.0 = Release|Any CPU
		{62A98CC8-CEB3-49C7-935D-513DAEA84FBE}.Ad-Hoc|Any CPU.ActiveCfg = Debug|Any CPU
		{62A98CC8-CEB3-49C7-935D-513DAEA84FBE}.Ad-Hoc|Any CPU.Build.0 = Debug|Any CPU
		{62A98CC8-CEB3-49C7-935D-513DAEA84FBE}.Ad-Hoc|ARM.ActiveCfg = Debug|Any CPU
		{62A98CC8-CEB3-49C7-935D-513DAEA84FBE}.Ad-Hoc|ARM.Build.0 = Debug|Any CPU
		{62A98CC8-CEB3-49C7-935D-513DAEA84FBE}.Ad-Hoc|iPhone.ActiveCfg = Debug|Any CPU
		{62A98CC8-CEB3-49C7-935D-513DAEA84FBE}.Ad-Hoc|iPhone.Build.0 = Debug|Any CPU
		{62A98CC8-CEB3-49C7-935D-513DAEA84FBE}.Ad-Hoc|iPhoneSimulator.ActiveCfg = Debug|Any CPU
		{62A98CC8-CEB3-49C7-935D-513DAEA84FBE}.Ad-Hoc|iPhoneSimulator.Build.0 = Debug|Any CPU
		{62A98CC8-CEB3-49C7-935D-513DAEA84FBE}.Ad-Hoc|x64.ActiveCfg = Debug|Any CPU
		{62A98CC8-CEB3-49C7-935D-513DAEA84FBE}.Ad-Hoc|x64.Build.0 = Debug|Any CPU
		{62A98CC8-CEB3-49C7-935D-513DAEA84FBE}.Ad-Hoc|x86.ActiveCfg = Debug|Any CPU
		{62A98CC8-CEB3-49C7-935D-513DAEA84FBE}.Ad-Hoc|x86.Build.0 = Debug|Any CPU
		{62A98CC8-CEB3-49C7-935D-513DAEA84FBE}.AppStore|Any CPU.ActiveCfg = Debug|Any CPU
		{62A98CC8-CEB3-49C7-935D-513DAEA84FBE}.AppStore|Any CPU.Build.0 = Debug|Any CPU
		{62A98CC8-CEB3-49C7-935D-513DAEA84FBE}.AppStore|ARM.ActiveCfg = Debug|Any CPU
		{62A98CC8-CEB3-49C7-935D-513DAEA84FBE}.AppStore|ARM.Build.0 = Debug|Any CPU
		{62A98CC8-CEB3-49C7-935D-513DAEA84FBE}.AppStore|iPhone.ActiveCfg = Debug|Any CPU
		{62A98CC8-CEB3-49C7-935D-513DAEA84FBE}.AppStore|iPhone.Build.0 = Debug|Any CPU
		{62A98CC8-CEB3-49C7-935D-513DAEA84FBE}.AppStore|iPhoneSimulator.ActiveCfg = Debug|Any CPU
		{62A98CC8-CEB3-49C7-935D-513DAEA84FBE}.AppStore|iPhoneSimulator.Build.0 = Debug|Any CPU
		{62A98CC8-CEB3-49C7-935D-513DAEA84FBE}.AppStore|x64.ActiveCfg = Debug|Any CPU
		{62A98CC8-CEB3-49C7-935D-513DAEA84FBE}.AppStore|x64.Build.0 = Debug|Any CPU
		{62A98CC8-CEB3-49C7-935D-513DAEA84FBE}.AppStore|x86.ActiveCfg = Debug|Any CPU
		{62A98CC8-CEB3-49C7-935D-513DAEA84FBE}.AppStore|x86.Build.0 = Debug|Any CPU
		{62A98CC8-CEB3-49C7-935D-513DAEA84FBE}.Debug|Any CPU.ActiveCfg = Debug|Any CPU
		{62A98CC8-CEB3-49C7-935D-513DAEA84FBE}.Debug|Any CPU.Build.0 = Debug|Any CPU
		{62A98CC8-CEB3-49C7-935D-513DAEA84FBE}.Debug|ARM.ActiveCfg = Debug|Any CPU
		{62A98CC8-CEB3-49C7-935D-513DAEA84FBE}.Debug|ARM.Build.0 = Debug|Any CPU
		{62A98CC8-CEB3-49C7-935D-513DAEA84FBE}.Debug|iPhone.ActiveCfg = Debug|Any CPU
		{62A98CC8-CEB3-49C7-935D-513DAEA84FBE}.Debug|iPhone.Build.0 = Debug|Any CPU
		{62A98CC8-CEB3-49C7-935D-513DAEA84FBE}.Debug|iPhoneSimulator.ActiveCfg = Debug|Any CPU
		{62A98CC8-CEB3-49C7-935D-513DAEA84FBE}.Debug|iPhoneSimulator.Build.0 = Debug|Any CPU
		{62A98CC8-CEB3-49C7-935D-513DAEA84FBE}.Debug|x64.ActiveCfg = Debug|Any CPU
		{62A98CC8-CEB3-49C7-935D-513DAEA84FBE}.Debug|x64.Build.0 = Debug|Any CPU
		{62A98CC8-CEB3-49C7-935D-513DAEA84FBE}.Debug|x86.ActiveCfg = Debug|Any CPU
		{62A98CC8-CEB3-49C7-935D-513DAEA84FBE}.Debug|x86.Build.0 = Debug|Any CPU
		{62A98CC8-CEB3-49C7-935D-513DAEA84FBE}.Release|Any CPU.ActiveCfg = Release|Any CPU
		{62A98CC8-CEB3-49C7-935D-513DAEA84FBE}.Release|Any CPU.Build.0 = Release|Any CPU
		{62A98CC8-CEB3-49C7-935D-513DAEA84FBE}.Release|ARM.ActiveCfg = Release|Any CPU
		{62A98CC8-CEB3-49C7-935D-513DAEA84FBE}.Release|ARM.Build.0 = Release|Any CPU
		{62A98CC8-CEB3-49C7-935D-513DAEA84FBE}.Release|iPhone.ActiveCfg = Release|Any CPU
		{62A98CC8-CEB3-49C7-935D-513DAEA84FBE}.Release|iPhone.Build.0 = Release|Any CPU
		{62A98CC8-CEB3-49C7-935D-513DAEA84FBE}.Release|iPhoneSimulator.ActiveCfg = Release|Any CPU
		{62A98CC8-CEB3-49C7-935D-513DAEA84FBE}.Release|iPhoneSimulator.Build.0 = Release|Any CPU
		{62A98CC8-CEB3-49C7-935D-513DAEA84FBE}.Release|x64.ActiveCfg = Release|Any CPU
		{62A98CC8-CEB3-49C7-935D-513DAEA84FBE}.Release|x64.Build.0 = Release|Any CPU
		{62A98CC8-CEB3-49C7-935D-513DAEA84FBE}.Release|x86.ActiveCfg = Release|Any CPU
		{62A98CC8-CEB3-49C7-935D-513DAEA84FBE}.Release|x86.Build.0 = Release|Any CPU
		{A709775F-BEA6-4910-A973-3CD6E4456D71}.Ad-Hoc|Any CPU.ActiveCfg = Debug|Any CPU
		{A709775F-BEA6-4910-A973-3CD6E4456D71}.Ad-Hoc|Any CPU.Build.0 = Debug|Any CPU
		{A709775F-BEA6-4910-A973-3CD6E4456D71}.Ad-Hoc|ARM.ActiveCfg = Debug|Any CPU
		{A709775F-BEA6-4910-A973-3CD6E4456D71}.Ad-Hoc|ARM.Build.0 = Debug|Any CPU
		{A709775F-BEA6-4910-A973-3CD6E4456D71}.Ad-Hoc|iPhone.ActiveCfg = Debug|Any CPU
		{A709775F-BEA6-4910-A973-3CD6E4456D71}.Ad-Hoc|iPhone.Build.0 = Debug|Any CPU
		{A709775F-BEA6-4910-A973-3CD6E4456D71}.Ad-Hoc|iPhoneSimulator.ActiveCfg = Debug|Any CPU
		{A709775F-BEA6-4910-A973-3CD6E4456D71}.Ad-Hoc|iPhoneSimulator.Build.0 = Debug|Any CPU
		{A709775F-BEA6-4910-A973-3CD6E4456D71}.Ad-Hoc|x64.ActiveCfg = Debug|Any CPU
		{A709775F-BEA6-4910-A973-3CD6E4456D71}.Ad-Hoc|x64.Build.0 = Debug|Any CPU
		{A709775F-BEA6-4910-A973-3CD6E4456D71}.Ad-Hoc|x86.ActiveCfg = Debug|Any CPU
		{A709775F-BEA6-4910-A973-3CD6E4456D71}.Ad-Hoc|x86.Build.0 = Debug|Any CPU
		{A709775F-BEA6-4910-A973-3CD6E4456D71}.AppStore|Any CPU.ActiveCfg = Debug|Any CPU
		{A709775F-BEA6-4910-A973-3CD6E4456D71}.AppStore|Any CPU.Build.0 = Debug|Any CPU
		{A709775F-BEA6-4910-A973-3CD6E4456D71}.AppStore|ARM.ActiveCfg = Debug|Any CPU
		{A709775F-BEA6-4910-A973-3CD6E4456D71}.AppStore|ARM.Build.0 = Debug|Any CPU
		{A709775F-BEA6-4910-A973-3CD6E4456D71}.AppStore|iPhone.ActiveCfg = Debug|Any CPU
		{A709775F-BEA6-4910-A973-3CD6E4456D71}.AppStore|iPhone.Build.0 = Debug|Any CPU
		{A709775F-BEA6-4910-A973-3CD6E4456D71}.AppStore|iPhoneSimulator.ActiveCfg = Debug|Any CPU
		{A709775F-BEA6-4910-A973-3CD6E4456D71}.AppStore|iPhoneSimulator.Build.0 = Debug|Any CPU
		{A709775F-BEA6-4910-A973-3CD6E4456D71}.AppStore|x64.ActiveCfg = Debug|Any CPU
		{A709775F-BEA6-4910-A973-3CD6E4456D71}.AppStore|x64.Build.0 = Debug|Any CPU
		{A709775F-BEA6-4910-A973-3CD6E4456D71}.AppStore|x86.ActiveCfg = Debug|Any CPU
		{A709775F-BEA6-4910-A973-3CD6E4456D71}.AppStore|x86.Build.0 = Debug|Any CPU
		{A709775F-BEA6-4910-A973-3CD6E4456D71}.Debug|Any CPU.ActiveCfg = Debug|Any CPU
		{A709775F-BEA6-4910-A973-3CD6E4456D71}.Debug|Any CPU.Build.0 = Debug|Any CPU
		{A709775F-BEA6-4910-A973-3CD6E4456D71}.Debug|ARM.ActiveCfg = Debug|Any CPU
		{A709775F-BEA6-4910-A973-3CD6E4456D71}.Debug|ARM.Build.0 = Debug|Any CPU
		{A709775F-BEA6-4910-A973-3CD6E4456D71}.Debug|iPhone.ActiveCfg = Debug|Any CPU
		{A709775F-BEA6-4910-A973-3CD6E4456D71}.Debug|iPhone.Build.0 = Debug|Any CPU
		{A709775F-BEA6-4910-A973-3CD6E4456D71}.Debug|iPhoneSimulator.ActiveCfg = Debug|Any CPU
		{A709775F-BEA6-4910-A973-3CD6E4456D71}.Debug|iPhoneSimulator.Build.0 = Debug|Any CPU
		{A709775F-BEA6-4910-A973-3CD6E4456D71}.Debug|x64.ActiveCfg = Debug|Any CPU
		{A709775F-BEA6-4910-A973-3CD6E4456D71}.Debug|x64.Build.0 = Debug|Any CPU
		{A709775F-BEA6-4910-A973-3CD6E4456D71}.Debug|x86.ActiveCfg = Debug|Any CPU
		{A709775F-BEA6-4910-A973-3CD6E4456D71}.Debug|x86.Build.0 = Debug|Any CPU
		{A709775F-BEA6-4910-A973-3CD6E4456D71}.Release|Any CPU.ActiveCfg = Release|Any CPU
		{A709775F-BEA6-4910-A973-3CD6E4456D71}.Release|Any CPU.Build.0 = Release|Any CPU
		{A709775F-BEA6-4910-A973-3CD6E4456D71}.Release|ARM.ActiveCfg = Release|Any CPU
		{A709775F-BEA6-4910-A973-3CD6E4456D71}.Release|ARM.Build.0 = Release|Any CPU
		{A709775F-BEA6-4910-A973-3CD6E4456D71}.Release|iPhone.ActiveCfg = Release|Any CPU
		{A709775F-BEA6-4910-A973-3CD6E4456D71}.Release|iPhone.Build.0 = Release|Any CPU
		{A709775F-BEA6-4910-A973-3CD6E4456D71}.Release|iPhoneSimulator.ActiveCfg = Release|Any CPU
		{A709775F-BEA6-4910-A973-3CD6E4456D71}.Release|iPhoneSimulator.Build.0 = Release|Any CPU
		{A709775F-BEA6-4910-A973-3CD6E4456D71}.Release|x64.ActiveCfg = Release|Any CPU
		{A709775F-BEA6-4910-A973-3CD6E4456D71}.Release|x64.Build.0 = Release|Any CPU
		{A709775F-BEA6-4910-A973-3CD6E4456D71}.Release|x86.ActiveCfg = Release|Any CPU
		{A709775F-BEA6-4910-A973-3CD6E4456D71}.Release|x86.Build.0 = Release|Any CPU
		{BE01800E-4F9C-46EF-8E25-F7974140E25B}.Ad-Hoc|Any CPU.ActiveCfg = Debug|Any CPU
		{BE01800E-4F9C-46EF-8E25-F7974140E25B}.Ad-Hoc|Any CPU.Build.0 = Debug|Any CPU
		{BE01800E-4F9C-46EF-8E25-F7974140E25B}.Ad-Hoc|ARM.ActiveCfg = Debug|Any CPU
		{BE01800E-4F9C-46EF-8E25-F7974140E25B}.Ad-Hoc|ARM.Build.0 = Debug|Any CPU
		{BE01800E-4F9C-46EF-8E25-F7974140E25B}.Ad-Hoc|iPhone.ActiveCfg = Debug|Any CPU
		{BE01800E-4F9C-46EF-8E25-F7974140E25B}.Ad-Hoc|iPhone.Build.0 = Debug|Any CPU
		{BE01800E-4F9C-46EF-8E25-F7974140E25B}.Ad-Hoc|iPhoneSimulator.ActiveCfg = Debug|Any CPU
		{BE01800E-4F9C-46EF-8E25-F7974140E25B}.Ad-Hoc|iPhoneSimulator.Build.0 = Debug|Any CPU
		{BE01800E-4F9C-46EF-8E25-F7974140E25B}.Ad-Hoc|x64.ActiveCfg = Debug|Any CPU
		{BE01800E-4F9C-46EF-8E25-F7974140E25B}.Ad-Hoc|x64.Build.0 = Debug|Any CPU
		{BE01800E-4F9C-46EF-8E25-F7974140E25B}.Ad-Hoc|x86.ActiveCfg = Debug|Any CPU
		{BE01800E-4F9C-46EF-8E25-F7974140E25B}.Ad-Hoc|x86.Build.0 = Debug|Any CPU
		{BE01800E-4F9C-46EF-8E25-F7974140E25B}.AppStore|Any CPU.ActiveCfg = Debug|Any CPU
		{BE01800E-4F9C-46EF-8E25-F7974140E25B}.AppStore|Any CPU.Build.0 = Debug|Any CPU
		{BE01800E-4F9C-46EF-8E25-F7974140E25B}.AppStore|ARM.ActiveCfg = Debug|Any CPU
		{BE01800E-4F9C-46EF-8E25-F7974140E25B}.AppStore|ARM.Build.0 = Debug|Any CPU
		{BE01800E-4F9C-46EF-8E25-F7974140E25B}.AppStore|iPhone.ActiveCfg = Debug|Any CPU
		{BE01800E-4F9C-46EF-8E25-F7974140E25B}.AppStore|iPhone.Build.0 = Debug|Any CPU
		{BE01800E-4F9C-46EF-8E25-F7974140E25B}.AppStore|iPhoneSimulator.ActiveCfg = Debug|Any CPU
		{BE01800E-4F9C-46EF-8E25-F7974140E25B}.AppStore|iPhoneSimulator.Build.0 = Debug|Any CPU
		{BE01800E-4F9C-46EF-8E25-F7974140E25B}.AppStore|x64.ActiveCfg = Debug|Any CPU
		{BE01800E-4F9C-46EF-8E25-F7974140E25B}.AppStore|x64.Build.0 = Debug|Any CPU
		{BE01800E-4F9C-46EF-8E25-F7974140E25B}.AppStore|x86.ActiveCfg = Debug|Any CPU
		{BE01800E-4F9C-46EF-8E25-F7974140E25B}.AppStore|x86.Build.0 = Debug|Any CPU
		{BE01800E-4F9C-46EF-8E25-F7974140E25B}.Debug|Any CPU.ActiveCfg = Debug|Any CPU
		{BE01800E-4F9C-46EF-8E25-F7974140E25B}.Debug|Any CPU.Build.0 = Debug|Any CPU
		{BE01800E-4F9C-46EF-8E25-F7974140E25B}.Debug|ARM.ActiveCfg = Debug|Any CPU
		{BE01800E-4F9C-46EF-8E25-F7974140E25B}.Debug|ARM.Build.0 = Debug|Any CPU
		{BE01800E-4F9C-46EF-8E25-F7974140E25B}.Debug|iPhone.ActiveCfg = Debug|Any CPU
		{BE01800E-4F9C-46EF-8E25-F7974140E25B}.Debug|iPhone.Build.0 = Debug|Any CPU
		{BE01800E-4F9C-46EF-8E25-F7974140E25B}.Debug|iPhoneSimulator.ActiveCfg = Debug|Any CPU
		{BE01800E-4F9C-46EF-8E25-F7974140E25B}.Debug|iPhoneSimulator.Build.0 = Debug|Any CPU
		{BE01800E-4F9C-46EF-8E25-F7974140E25B}.Debug|x64.ActiveCfg = Debug|Any CPU
		{BE01800E-4F9C-46EF-8E25-F7974140E25B}.Debug|x64.Build.0 = Debug|Any CPU
		{BE01800E-4F9C-46EF-8E25-F7974140E25B}.Debug|x86.ActiveCfg = Debug|Any CPU
		{BE01800E-4F9C-46EF-8E25-F7974140E25B}.Debug|x86.Build.0 = Debug|Any CPU
		{BE01800E-4F9C-46EF-8E25-F7974140E25B}.Release|Any CPU.ActiveCfg = Release|Any CPU
		{BE01800E-4F9C-46EF-8E25-F7974140E25B}.Release|Any CPU.Build.0 = Release|Any CPU
		{BE01800E-4F9C-46EF-8E25-F7974140E25B}.Release|ARM.ActiveCfg = Release|Any CPU
		{BE01800E-4F9C-46EF-8E25-F7974140E25B}.Release|ARM.Build.0 = Release|Any CPU
		{BE01800E-4F9C-46EF-8E25-F7974140E25B}.Release|iPhone.ActiveCfg = Release|Any CPU
		{BE01800E-4F9C-46EF-8E25-F7974140E25B}.Release|iPhone.Build.0 = Release|Any CPU
		{BE01800E-4F9C-46EF-8E25-F7974140E25B}.Release|iPhoneSimulator.ActiveCfg = Release|Any CPU
		{BE01800E-4F9C-46EF-8E25-F7974140E25B}.Release|iPhoneSimulator.Build.0 = Release|Any CPU
		{BE01800E-4F9C-46EF-8E25-F7974140E25B}.Release|x64.ActiveCfg = Release|Any CPU
		{BE01800E-4F9C-46EF-8E25-F7974140E25B}.Release|x64.Build.0 = Release|Any CPU
		{BE01800E-4F9C-46EF-8E25-F7974140E25B}.Release|x86.ActiveCfg = Release|Any CPU
		{BE01800E-4F9C-46EF-8E25-F7974140E25B}.Release|x86.Build.0 = Release|Any CPU
		{B8858DFB-FFBF-427E-939B-53B66AAE0D7E}.Ad-Hoc|Any CPU.ActiveCfg = Debug|Any CPU
		{B8858DFB-FFBF-427E-939B-53B66AAE0D7E}.Ad-Hoc|Any CPU.Build.0 = Debug|Any CPU
		{B8858DFB-FFBF-427E-939B-53B66AAE0D7E}.Ad-Hoc|ARM.ActiveCfg = Debug|Any CPU
		{B8858DFB-FFBF-427E-939B-53B66AAE0D7E}.Ad-Hoc|ARM.Build.0 = Debug|Any CPU
		{B8858DFB-FFBF-427E-939B-53B66AAE0D7E}.Ad-Hoc|iPhone.ActiveCfg = Debug|Any CPU
		{B8858DFB-FFBF-427E-939B-53B66AAE0D7E}.Ad-Hoc|iPhone.Build.0 = Debug|Any CPU
		{B8858DFB-FFBF-427E-939B-53B66AAE0D7E}.Ad-Hoc|iPhoneSimulator.ActiveCfg = Debug|Any CPU
		{B8858DFB-FFBF-427E-939B-53B66AAE0D7E}.Ad-Hoc|iPhoneSimulator.Build.0 = Debug|Any CPU
		{B8858DFB-FFBF-427E-939B-53B66AAE0D7E}.Ad-Hoc|x64.ActiveCfg = Debug|Any CPU
		{B8858DFB-FFBF-427E-939B-53B66AAE0D7E}.Ad-Hoc|x64.Build.0 = Debug|Any CPU
		{B8858DFB-FFBF-427E-939B-53B66AAE0D7E}.Ad-Hoc|x86.ActiveCfg = Debug|Any CPU
		{B8858DFB-FFBF-427E-939B-53B66AAE0D7E}.Ad-Hoc|x86.Build.0 = Debug|Any CPU
		{B8858DFB-FFBF-427E-939B-53B66AAE0D7E}.AppStore|Any CPU.ActiveCfg = Debug|Any CPU
		{B8858DFB-FFBF-427E-939B-53B66AAE0D7E}.AppStore|Any CPU.Build.0 = Debug|Any CPU
		{B8858DFB-FFBF-427E-939B-53B66AAE0D7E}.AppStore|ARM.ActiveCfg = Debug|Any CPU
		{B8858DFB-FFBF-427E-939B-53B66AAE0D7E}.AppStore|ARM.Build.0 = Debug|Any CPU
		{B8858DFB-FFBF-427E-939B-53B66AAE0D7E}.AppStore|iPhone.ActiveCfg = Debug|Any CPU
		{B8858DFB-FFBF-427E-939B-53B66AAE0D7E}.AppStore|iPhone.Build.0 = Debug|Any CPU
		{B8858DFB-FFBF-427E-939B-53B66AAE0D7E}.AppStore|iPhoneSimulator.ActiveCfg = Debug|Any CPU
		{B8858DFB-FFBF-427E-939B-53B66AAE0D7E}.AppStore|iPhoneSimulator.Build.0 = Debug|Any CPU
		{B8858DFB-FFBF-427E-939B-53B66AAE0D7E}.AppStore|x64.ActiveCfg = Debug|Any CPU
		{B8858DFB-FFBF-427E-939B-53B66AAE0D7E}.AppStore|x64.Build.0 = Debug|Any CPU
		{B8858DFB-FFBF-427E-939B-53B66AAE0D7E}.AppStore|x86.ActiveCfg = Debug|Any CPU
		{B8858DFB-FFBF-427E-939B-53B66AAE0D7E}.AppStore|x86.Build.0 = Debug|Any CPU
		{B8858DFB-FFBF-427E-939B-53B66AAE0D7E}.Debug|Any CPU.ActiveCfg = Debug|Any CPU
		{B8858DFB-FFBF-427E-939B-53B66AAE0D7E}.Debug|Any CPU.Build.0 = Debug|Any CPU
		{B8858DFB-FFBF-427E-939B-53B66AAE0D7E}.Debug|ARM.ActiveCfg = Debug|Any CPU
		{B8858DFB-FFBF-427E-939B-53B66AAE0D7E}.Debug|ARM.Build.0 = Debug|Any CPU
		{B8858DFB-FFBF-427E-939B-53B66AAE0D7E}.Debug|iPhone.ActiveCfg = Debug|Any CPU
		{B8858DFB-FFBF-427E-939B-53B66AAE0D7E}.Debug|iPhone.Build.0 = Debug|Any CPU
		{B8858DFB-FFBF-427E-939B-53B66AAE0D7E}.Debug|iPhoneSimulator.ActiveCfg = Debug|Any CPU
		{B8858DFB-FFBF-427E-939B-53B66AAE0D7E}.Debug|iPhoneSimulator.Build.0 = Debug|Any CPU
		{B8858DFB-FFBF-427E-939B-53B66AAE0D7E}.Debug|x64.ActiveCfg = Debug|Any CPU
		{B8858DFB-FFBF-427E-939B-53B66AAE0D7E}.Debug|x64.Build.0 = Debug|Any CPU
		{B8858DFB-FFBF-427E-939B-53B66AAE0D7E}.Debug|x86.ActiveCfg = Debug|Any CPU
		{B8858DFB-FFBF-427E-939B-53B66AAE0D7E}.Debug|x86.Build.0 = Debug|Any CPU
		{B8858DFB-FFBF-427E-939B-53B66AAE0D7E}.Release|Any CPU.ActiveCfg = Release|Any CPU
		{B8858DFB-FFBF-427E-939B-53B66AAE0D7E}.Release|Any CPU.Build.0 = Release|Any CPU
		{B8858DFB-FFBF-427E-939B-53B66AAE0D7E}.Release|ARM.ActiveCfg = Release|Any CPU
		{B8858DFB-FFBF-427E-939B-53B66AAE0D7E}.Release|ARM.Build.0 = Release|Any CPU
		{B8858DFB-FFBF-427E-939B-53B66AAE0D7E}.Release|iPhone.ActiveCfg = Release|Any CPU
		{B8858DFB-FFBF-427E-939B-53B66AAE0D7E}.Release|iPhone.Build.0 = Release|Any CPU
		{B8858DFB-FFBF-427E-939B-53B66AAE0D7E}.Release|iPhoneSimulator.ActiveCfg = Release|Any CPU
		{B8858DFB-FFBF-427E-939B-53B66AAE0D7E}.Release|iPhoneSimulator.Build.0 = Release|Any CPU
		{B8858DFB-FFBF-427E-939B-53B66AAE0D7E}.Release|x64.ActiveCfg = Release|Any CPU
		{B8858DFB-FFBF-427E-939B-53B66AAE0D7E}.Release|x64.Build.0 = Release|Any CPU
		{B8858DFB-FFBF-427E-939B-53B66AAE0D7E}.Release|x86.ActiveCfg = Release|Any CPU
		{B8858DFB-FFBF-427E-939B-53B66AAE0D7E}.Release|x86.Build.0 = Release|Any CPU
		{0FFDF4C4-22DA-4974-AF3B-940200D12961}.Ad-Hoc|Any CPU.ActiveCfg = Debug|Any CPU
		{0FFDF4C4-22DA-4974-AF3B-940200D12961}.Ad-Hoc|Any CPU.Build.0 = Debug|Any CPU
		{0FFDF4C4-22DA-4974-AF3B-940200D12961}.Ad-Hoc|ARM.ActiveCfg = Debug|Any CPU
		{0FFDF4C4-22DA-4974-AF3B-940200D12961}.Ad-Hoc|ARM.Build.0 = Debug|Any CPU
		{0FFDF4C4-22DA-4974-AF3B-940200D12961}.Ad-Hoc|iPhone.ActiveCfg = Debug|Any CPU
		{0FFDF4C4-22DA-4974-AF3B-940200D12961}.Ad-Hoc|iPhone.Build.0 = Debug|Any CPU
		{0FFDF4C4-22DA-4974-AF3B-940200D12961}.Ad-Hoc|iPhoneSimulator.ActiveCfg = Debug|Any CPU
		{0FFDF4C4-22DA-4974-AF3B-940200D12961}.Ad-Hoc|iPhoneSimulator.Build.0 = Debug|Any CPU
		{0FFDF4C4-22DA-4974-AF3B-940200D12961}.Ad-Hoc|x64.ActiveCfg = Debug|Any CPU
		{0FFDF4C4-22DA-4974-AF3B-940200D12961}.Ad-Hoc|x64.Build.0 = Debug|Any CPU
		{0FFDF4C4-22DA-4974-AF3B-940200D12961}.Ad-Hoc|x86.ActiveCfg = Debug|Any CPU
		{0FFDF4C4-22DA-4974-AF3B-940200D12961}.Ad-Hoc|x86.Build.0 = Debug|Any CPU
		{0FFDF4C4-22DA-4974-AF3B-940200D12961}.AppStore|Any CPU.ActiveCfg = Debug|Any CPU
		{0FFDF4C4-22DA-4974-AF3B-940200D12961}.AppStore|Any CPU.Build.0 = Debug|Any CPU
		{0FFDF4C4-22DA-4974-AF3B-940200D12961}.AppStore|ARM.ActiveCfg = Debug|Any CPU
		{0FFDF4C4-22DA-4974-AF3B-940200D12961}.AppStore|ARM.Build.0 = Debug|Any CPU
		{0FFDF4C4-22DA-4974-AF3B-940200D12961}.AppStore|iPhone.ActiveCfg = Debug|Any CPU
		{0FFDF4C4-22DA-4974-AF3B-940200D12961}.AppStore|iPhone.Build.0 = Debug|Any CPU
		{0FFDF4C4-22DA-4974-AF3B-940200D12961}.AppStore|iPhoneSimulator.ActiveCfg = Debug|Any CPU
		{0FFDF4C4-22DA-4974-AF3B-940200D12961}.AppStore|iPhoneSimulator.Build.0 = Debug|Any CPU
		{0FFDF4C4-22DA-4974-AF3B-940200D12961}.AppStore|x64.ActiveCfg = Debug|Any CPU
		{0FFDF4C4-22DA-4974-AF3B-940200D12961}.AppStore|x64.Build.0 = Debug|Any CPU
		{0FFDF4C4-22DA-4974-AF3B-940200D12961}.AppStore|x86.ActiveCfg = Debug|Any CPU
		{0FFDF4C4-22DA-4974-AF3B-940200D12961}.AppStore|x86.Build.0 = Debug|Any CPU
		{0FFDF4C4-22DA-4974-AF3B-940200D12961}.Debug|Any CPU.ActiveCfg = Debug|Any CPU
		{0FFDF4C4-22DA-4974-AF3B-940200D12961}.Debug|Any CPU.Build.0 = Debug|Any CPU
		{0FFDF4C4-22DA-4974-AF3B-940200D12961}.Debug|ARM.ActiveCfg = Debug|Any CPU
		{0FFDF4C4-22DA-4974-AF3B-940200D12961}.Debug|ARM.Build.0 = Debug|Any CPU
		{0FFDF4C4-22DA-4974-AF3B-940200D12961}.Debug|iPhone.ActiveCfg = Debug|Any CPU
		{0FFDF4C4-22DA-4974-AF3B-940200D12961}.Debug|iPhone.Build.0 = Debug|Any CPU
		{0FFDF4C4-22DA-4974-AF3B-940200D12961}.Debug|iPhoneSimulator.ActiveCfg = Debug|Any CPU
		{0FFDF4C4-22DA-4974-AF3B-940200D12961}.Debug|iPhoneSimulator.Build.0 = Debug|Any CPU
		{0FFDF4C4-22DA-4974-AF3B-940200D12961}.Debug|x64.ActiveCfg = Debug|Any CPU
		{0FFDF4C4-22DA-4974-AF3B-940200D12961}.Debug|x64.Build.0 = Debug|Any CPU
		{0FFDF4C4-22DA-4974-AF3B-940200D12961}.Debug|x86.ActiveCfg = Debug|Any CPU
		{0FFDF4C4-22DA-4974-AF3B-940200D12961}.Debug|x86.Build.0 = Debug|Any CPU
		{0FFDF4C4-22DA-4974-AF3B-940200D12961}.Release|Any CPU.ActiveCfg = Release|Any CPU
		{0FFDF4C4-22DA-4974-AF3B-940200D12961}.Release|Any CPU.Build.0 = Release|Any CPU
		{0FFDF4C4-22DA-4974-AF3B-940200D12961}.Release|ARM.ActiveCfg = Release|Any CPU
		{0FFDF4C4-22DA-4974-AF3B-940200D12961}.Release|ARM.Build.0 = Release|Any CPU
		{0FFDF4C4-22DA-4974-AF3B-940200D12961}.Release|iPhone.ActiveCfg = Release|Any CPU
		{0FFDF4C4-22DA-4974-AF3B-940200D12961}.Release|iPhone.Build.0 = Release|Any CPU
		{0FFDF4C4-22DA-4974-AF3B-940200D12961}.Release|iPhoneSimulator.ActiveCfg = Release|Any CPU
		{0FFDF4C4-22DA-4974-AF3B-940200D12961}.Release|iPhoneSimulator.Build.0 = Release|Any CPU
		{0FFDF4C4-22DA-4974-AF3B-940200D12961}.Release|x64.ActiveCfg = Release|Any CPU
		{0FFDF4C4-22DA-4974-AF3B-940200D12961}.Release|x64.Build.0 = Release|Any CPU
		{0FFDF4C4-22DA-4974-AF3B-940200D12961}.Release|x86.ActiveCfg = Release|Any CPU
		{0FFDF4C4-22DA-4974-AF3B-940200D12961}.Release|x86.Build.0 = Release|Any CPU
	EndGlobalSection
	GlobalSection(SolutionProperties) = preSolution
		HideSolutionNode = FALSE
	EndGlobalSection
	GlobalSection(ExtensibilityGlobals) = postSolution
		SolutionGuid = {34873654-262A-4FBE-93EA-1AA9229EB128}
	EndGlobalSection
EndGlobal
